
Microsoft Visual Studio Solution File, Format Version 12.00
# Visual Studio Version 17
VisualStudioVersion = 17.5.002.0
MinimumVisualStudioVersion = 10.0.40219.1
Project("{9A19103F-16F7-4668-BE54-9A1E7A4F7556}") = "API", "API.csproj", "{FF60FC1A-E2D1-474F-8892-0637B99FABA6}"
EndProject
Global
	GlobalSection(SolutionConfigurationPlatforms) = preSolution
		Debug|Any CPU = Debug|Any CPU
		Release|Any CPU = Release|Any CPU
	EndGlobalSection
	GlobalSection(ProjectConfigurationPlatforms) = postSolution
		{FF60FC1A-E2D1-474F-8892-0637B99FABA6}.Debug|Any CPU.ActiveCfg = Debug|Any CPU
		{FF60FC1A-E2D1-474F-8892-0637B99FABA6}.Debug|Any CPU.Build.0 = Debug|Any CPU
		{FF60FC1A-E2D1-474F-8892-0637B99FABA6}.Release|Any CPU.ActiveCfg = Release|Any CPU
		{FF60FC1A-E2D1-474F-8892-0637B99FABA6}.Release|Any CPU.Build.0 = Release|Any CPU
	EndGlobalSection
	GlobalSection(SolutionProperties) = preSolution
		HideSolutionNode = FALSE
	EndGlobalSection
	GlobalSection(ExtensibilityGlobals) = postSolution
		SolutionGuid = {339CE2B1-E848-43E3-8141-C8EFD0BF8551}
	EndGlobalSection
EndGlobal
